
Microsoft Visual Studio Solution File, Format Version 12.00
# Visual Studio Version 16
VisualStudioVersion = 16.0.31112.23
MinimumVisualStudioVersion = 10.0.40219.1
Project("{9A19103F-16F7-4668-BE54-9A1E7A4F7556}") = "Shar.XMPP.Client", "XMPPClient\Shar.XMPP.Client.csproj", "{CBD1703B-65D0-4A7D-BC98-0BD87EA8230C}"
EndProject
Project("{FAE04EC0-301F-11D3-BF4B-00C04F79EFBC}") = "Sharp.XMPP.Test", "Sharp.XMPP.Test\Sharp.XMPP.Test.csproj", "{F6A830CE-C084-41AD-AD33-96C7BACE8F92}"
	ProjectSection(ProjectDependencies) = postProject
		{CBD1703B-65D0-4A7D-BC98-0BD87EA8230C} = {CBD1703B-65D0-4A7D-BC98-0BD87EA8230C}
	EndProjectSection
EndProject
Global
	GlobalSection(SolutionConfigurationPlatforms) = preSolution
		Debug|Any CPU = Debug|Any CPU
		Release|Any CPU = Release|Any CPU
	EndGlobalSection
	GlobalSection(ProjectConfigurationPlatforms) = postSolution
		{CBD1703B-65D0-4A7D-BC98-0BD87EA8230C}.Debug|Any CPU.ActiveCfg = Debug|Any CPU
		{CBD1703B-65D0-4A7D-BC98-0BD87EA8230C}.Debug|Any CPU.Build.0 = Debug|Any CPU
		{CBD1703B-65D0-4A7D-BC98-0BD87EA8230C}.Release|Any CPU.ActiveCfg = Release|Any CPU
		{CBD1703B-65D0-4A7D-BC98-0BD87EA8230C}.Release|Any CPU.Build.0 = Release|Any CPU
		{F6A830CE-C084-41AD-AD33-96C7BACE8F92}.Debug|Any CPU.ActiveCfg = Debug|Any CPU
		{F6A830CE-C084-41AD-AD33-96C7BACE8F92}.Debug|Any CPU.Build.0 = Debug|Any CPU
		{F6A830CE-C084-41AD-AD33-96C7BACE8F92}.Release|Any CPU.ActiveCfg = Release|Any CPU
		{F6A830CE-C084-41AD-AD33-96C7BACE8F92}.Release|Any CPU.Build.0 = Release|Any CPU
	EndGlobalSection
	GlobalSection(SolutionProperties) = preSolution
		HideSolutionNode = FALSE
	EndGlobalSection
	GlobalSection(ExtensibilityGlobals) = postSolution
		SolutionGuid = {A9283B35-0948-4F89-ACEA-8849110627F9}
	EndGlobalSection
EndGlobal
